{
  "projects": [
    {
      "projectId": "ujkSLKQVrwCX54GC7kShtg",
      "version": "latest",
      "dependencies": {},
      "lang": "js",
      "fileLocks": [
        {
          "type": "globalVariant",
          "assetId": "kpUm6JyzC4dm",
          "checksum": "4dc938ba9e2530d7c8252d7bee8311fa"
        },
        {
          "type": "renderModule",
          "assetId": "OImqvU5W7f1u",
          "checksum": "5ff84360df41707a43e1fda103f3ff06"
        },
        {
          "type": "cssRules",
          "assetId": "OImqvU5W7f1u",
          "checksum": "5ff84360df41707a43e1fda103f3ff06"
        },
        {
          "type": "icon",
          "assetId": "CBKJqKeqarlT",
          "checksum": "86a9b3463daba379e3f74d25262ada3a"
        },
        {
          "type": "image",
          "assetId": "gcFs5S5cxFhh",
          "checksum": "e5d516aec1cc53634c175e9e63bd7cda"
        },
        {
          "type": "image",
          "assetId": "lCk5Q9y3P6VO",
          "checksum": "bdbce20af388b6ec90aceab7d3db3820"
        },
        {
          "type": "image",
          "assetId": "1fdWJCcdyA8g",
          "checksum": "98a6edadd76797b92b3345f5631787dc"
        },
        {
          "type": "image",
          "assetId": "fGV7INH4yc_N",
          "checksum": "3085c83bfc205dda0af401b9b17c1919"
        },
        {
          "type": "image",
          "assetId": "8YlIgbx18MPw",
          "checksum": "ec2060e64e606ca2f7014ddaeee01558"
        },
        {
          "type": "image",
          "assetId": "7PXFe14RU11V",
          "checksum": "9a4d2b15f9ba1dbcb274d01b0ef7c941"
        },
        {
          "assetId": "ujkSLKQVrwCX54GC7kShtg",
          "type": "projectCss",
          "checksum": "bbf6d3a320b33d01e254ceb9af9e731e"
        }
      ],
      "codegenVersion": "0.0.1"
    },
    {
      "projectId": "gonWK6Tw8dnqpiYAwAxDYP",
      "version": "latest",
      "dependencies": {},
      "lang": "js",
      "fileLocks": [
        {
          "type": "globalVariant",
          "assetId": "xjOIYVOAfa1b",
          "checksum": "1450b7f1ae5fa78acfeb84ba06dd85eb"
        },
        {
          "assetId": "gonWK6Tw8dnqpiYAwAxDYP",
          "type": "projectCss",
          "checksum": "54a08aee8e4e2bfd687a7cbbeb647cd3"
        },
        {
          "type": "renderModule",
          "assetId": "1Hb1AJLYu951",
          "checksum": "21082ee6784343686ccd4545a8f149ee"
        },
        {
          "type": "cssRules",
          "assetId": "1Hb1AJLYu951",
          "checksum": "21082ee6784343686ccd4545a8f149ee"
        },
        {
          "type": "icon",
          "assetId": "qpSi6sh2yLTK",
          "checksum": "d256500ead9e8a35edffe11914c2ef5b"
        },
        {
          "type": "icon",
          "assetId": "vYUvXY7v1fdU",
          "checksum": "36df9fb0d3f89eeebdc9fa9acd70af84"
        },
        {
          "type": "icon",
          "assetId": "JJoQKZcooUsP",
          "checksum": "162718d797408e8beb7cef0cccb9d1bb"
        },
        {
          "type": "icon",
          "assetId": "iBcdGCJfaW70",
          "checksum": "d263fcc0dc6af71b5c14cc010b7095b8"
        },
        {
          "type": "icon",
          "assetId": "olMmhbo75aNY",
          "checksum": "770a230d64ccd4f45164f997f5b25fff"
        },
        {
          "type": "icon",
          "assetId": "Z6b0UXsYbhf0",
          "checksum": "ce90462cee8a3bb09e1f7cc46312b492"
        },
        {
          "type": "icon",
          "assetId": "rcHzipFKXoCu",
          "checksum": "340da738e9537124b274fab48937ea95"
        },
        {
          "type": "icon",
          "assetId": "_NDjLs2WKFlM",
          "checksum": "25162d24d76ab2914bb4ce60c884f89a"
        },
        {
          "type": "icon",
          "assetId": "K86ln39umRYE",
          "checksum": "fb883446e39691cfba502321ca9199e3"
        },
        {
          "type": "icon",
          "assetId": "Cnhu64R5bwYu",
          "checksum": "32b0569344befbf02b6f6bfd74edcaeb"
        },
        {
          "type": "icon",
          "assetId": "1VB1owhpwgTg",
          "checksum": "65663d4b9ef3b10485c6e9ee2a8bcdc8"
        },
        {
          "type": "icon",
          "assetId": "u2qsrHYs9raN",
          "checksum": "1bb5c1bc395da74a6e2a3f902b722555"
        },
        {
          "type": "icon",
          "assetId": "QujDYtN6wJBp",
          "checksum": "9496c708e2311db515d0a1ed817dbb6c"
        },
        {
          "type": "icon",
          "assetId": "whBjV_-MzeRt",
          "checksum": "228bf1edc580c7a401f69289ace0d686"
        },
        {
          "type": "icon",
          "assetId": "mZC1M1_gWDCE",
          "checksum": "36ec22bfe2b5a831bb1384dc2b26197d"
        },
        {
          "type": "icon",
          "assetId": "FENOIHWSllae",
          "checksum": "21f54bb5ed6db27ebace2957e5493704"
        },
        {
          "type": "icon",
          "assetId": "y1EEEwe6-FGc",
          "checksum": "ec35d85282ca2a1dec5394f9d7019295"
        },
        {
          "type": "icon",
          "assetId": "F6cyLTjLDabN",
          "checksum": "d604506a9aa34521627205a97e4ec022"
        },
        {
          "type": "icon",
          "assetId": "hEa0GUInsp5j",
          "checksum": "bbccb56ceaa4bb8515bddc62ebf5fd5d"
        },
        {
          "type": "icon",
          "assetId": "q53iuamU12RR",
          "checksum": "af8db2738bcb860f9f7d3147f95532f7"
        },
        {
          "type": "icon",
          "assetId": "jst60Lp5kHXu",
          "checksum": "b7f18a181c7efc31353fbe2d6064b3c5"
        },
        {
          "type": "icon",
          "assetId": "lzoUwxhSUVek",
          "checksum": "ac9285fcd6b47f92feeb6474865afcb5"
        },
        {
          "type": "icon",
          "assetId": "cZoV7f_rs63v",
          "checksum": "94c284d94a3db4b33af700c4857f1ac0"
        },
        {
          "type": "icon",
          "assetId": "jN_e2snjuzbM",
          "checksum": "a696e5cbbe5bceb7afdd2dcc202faff3"
        },
        {
          "type": "icon",
          "assetId": "lPw11OARMO5R",
          "checksum": "861fd4921fcaeed7f684018687420e6f"
        },
        {
          "type": "icon",
          "assetId": "D45pRuFgIjXN",
          "checksum": "945a0813b9dec1540173c33c14cfc2e8"
        },
        {
          "type": "icon",
          "assetId": "7yprVf_rBaIG",
          "checksum": "980a70f5a5175c0d96b6c7c2f126c2d0"
        },
        {
          "type": "icon",
          "assetId": "DIOFT2mi867b",
          "checksum": "ef6be48ef29d2997d7caf41e62211870"
        },
        {
          "type": "icon",
          "assetId": "GzoaMWLpaKgF",
          "checksum": "3352a9a2a7354748f87dee94c6a1df79"
        },
        {
          "type": "icon",
          "assetId": "eHewUVKJaYfT",
          "checksum": "49a2421d90a8ade1a95a9d0aadb08496"
        },
        {
          "type": "icon",
          "assetId": "4XvwL2_58N-b",
          "checksum": "eef7af71d5f6c5a70aeb3ca2bfa2e556"
        },
        {
          "type": "icon",
          "assetId": "UCamSTEu6Fxc",
          "checksum": "3272cb20bb1ddb31b8b7ed857ca78f92"
        },
        {
          "type": "icon",
          "assetId": "snaQtx-sXJ4O",
          "checksum": "b4451cfa7d2295a2fabfe1bc6902a374"
        },
        {
          "type": "icon",
          "assetId": "xGpeIrCUB-2M",
          "checksum": "067207a7b44e518166c4553b7b66be19"
        },
        {
          "type": "icon",
          "assetId": "FnLGsgkOh5Cc",
          "checksum": "2f3116a9f80b6c6d44ced377a6ccba0e"
        },
        {
          "type": "icon",
          "assetId": "VZk9SqgLQaYC",
          "checksum": "2c40547f28ff64634d3f5db4ebca33d3"
        },
        {
          "type": "icon",
          "assetId": "xwTfnpd6tfVs",
          "checksum": "e9bcaa4920e644696d3dc016599cc665"
        },
        {
          "type": "icon",
          "assetId": "lYmkrcRsgMIZ",
          "checksum": "a84879bca9fc8097c9f3edc982745c85"
        },
        {
          "type": "icon",
          "assetId": "Jrs3iGsxcxCm",
          "checksum": "a4f92e0814a2dbd9c9cacd2136ab8b9a"
        },
        {
          "type": "icon",
          "assetId": "CQcTtkHOD__O",
          "checksum": "f6cac41fa54a7f30682c8f5e40e522d2"
        },
        {
          "type": "icon",
          "assetId": "CFXSUmdIPEki",
          "checksum": "795134b8eb3f0a5fd4ac1e4120aafd3f"
        },
        {
          "type": "icon",
          "assetId": "CuCQCwUyY7vn",
          "checksum": "218b6a84962f96f8a963e21dcd2717c5"
        },
        {
          "type": "icon",
          "assetId": "HOljbFU1x2lS",
          "checksum": "85b19b9455248f8391edf2053ffa1e20"
        },
        {
          "type": "icon",
          "assetId": "w4kFkXtZGoYr",
          "checksum": "84ab86ad542c9d36ecec665d5bae1bfb"
        },
        {
          "type": "icon",
          "assetId": "Xmyq3PyjfIlJ",
          "checksum": "5e1dab89ac29c0d5cbece7c25c0183ee"
        },
        {
          "type": "icon",
          "assetId": "kiB75cRXuuCY",
          "checksum": "42e096274c9d0b9d47ef51e2b68a1bf3"
        },
        {
          "type": "icon",
          "assetId": "9bADkzbCfiDD",
          "checksum": "fb0f9bcac7e3638876b48cfa36760efa"
        },
        {
          "type": "icon",
          "assetId": "9dkvtPxAZws4",
          "checksum": "b2fb0589b45f0d979eb324a280377cb1"
        },
        {
          "type": "icon",
          "assetId": "sHkmigjMrgWS",
          "checksum": "f302666414169bcfd609db77db207f41"
        },
        {
          "type": "icon",
          "assetId": "QotKL2g1jRqN",
          "checksum": "72b6fabaf410caf344f5a929e90ba118"
        },
        {
          "type": "icon",
          "assetId": "eqNwKmAnGoG9",
          "checksum": "ac63a72f10f9b11d8eb61193c9b2b293"
        },
        {
          "type": "icon",
          "assetId": "0b-TIPyo1bHL",
          "checksum": "37c5a16e6ba46def242bbf261dc9b166"
        },
        {
          "type": "icon",
          "assetId": "xRDFGhrMRxOW",
          "checksum": "63c44b9384230d2ffeb33c6d0b380bea"
        },
        {
          "type": "icon",
          "assetId": "bWIZJZ95z7pj",
          "checksum": "c6019d897de53cc405e44f0cad8cc613"
        },
        {
          "type": "icon",
          "assetId": "brmVtwvH00GS",
          "checksum": "fd3b2fce86b17cdda6162b965dd9d32f"
        },
        {
          "type": "icon",
          "assetId": "HSJo_JfbNjJM",
          "checksum": "0779c687ece3ca1f07b5fd3f7a50dd56"
        },
        {
          "type": "icon",
          "assetId": "INjPUg_rJYF-",
          "checksum": "b08e6689c99d0bacc9723717022a5714"
        },
        {
          "type": "icon",
          "assetId": "qfOLivAFIY2M",
          "checksum": "359e58c822ba154737589b095c68d1c1"
        },
        {
          "type": "icon",
          "assetId": "vUl8qQWYqlyS",
          "checksum": "035bb94d45e78d9b8c50d39c9292ce9b"
        },
        {
          "type": "icon",
          "assetId": "RvcEyJBlIs5Y",
          "checksum": "b470875902855b806c052279ff041300"
        },
        {
          "type": "icon",
          "assetId": "QSkShOkxmq1o",
          "checksum": "450f16eedd69b4bde50fb5ca70dd693c"
        },
        {
          "type": "icon",
          "assetId": "sZkH-MdZ_4EA",
          "checksum": "5030b67618da1493be0533f546a90207"
        },
        {
          "type": "icon",
          "assetId": "wqx1aS3Er-io",
          "checksum": "900f5ee910d1ce7c1c8be85bd33fd459"
        },
        {
          "type": "icon",
          "assetId": "_BiDUXwlhBWf",
          "checksum": "e9f7bb928f9bed64bfad7d291f9c03f5"
        },
        {
          "type": "icon",
          "assetId": "Lv63R0GyZR6m",
          "checksum": "f87b00ac648166ff09464163038ffb68"
        },
        {
          "type": "image",
          "assetId": "udV55McgvO5G",
          "checksum": "daf9e4a188f99b14d5a610eadcb6168d"
        },
        {
          "type": "image",
          "assetId": "GwEDvCP-mSTe",
          "checksum": "ccaf9b7381f2ed4405f22d242fa9b812"
        },
        {
          "type": "image",
          "assetId": "ouI7OuWfYKD0",
          "checksum": "84d23c38ae7ffbaf1a17d7206d985054"
        },
        {
          "type": "image",
          "assetId": "S5h_iJKuub2o",
          "checksum": "3c11d5adb984cbfffe605847b98f8de1"
        },
        {
          "type": "image",
          "assetId": "vjXySgUC47Dc",
          "checksum": "3de8d24fcc9faad70201beb4194ace9b"
        },
        {
          "type": "image",
          "assetId": "XaM0XQ0fOEhh",
          "checksum": "7721cb43f9d919f01ec29b782a3ff29b"
        },
        {
          "type": "image",
          "assetId": "g58Q2-uharGJ",
          "checksum": "eb7bedb65a7a16b138f54cb959fe1b66"
        },
        {
          "type": "image",
          "assetId": "7W4l9YkE6V41",
          "checksum": "b58ea3a155b0553ec3d61db3df8b9c88"
        },
        {
          "type": "image",
          "assetId": "HQ0PFLDvoUMc",
          "checksum": "79e8a0682044b60256f3958ec456a512"
        },
        {
          "type": "image",
          "assetId": "QxJRniRtRl-7",
          "checksum": "b138c7af0a359fee0b0b00866a176eb1"
        },
        {
          "type": "image",
          "assetId": "sn4fq0C6B24C",
          "checksum": "93c3d537f5f665c1c3ff85630b88d3f0"
        },
        {
          "type": "image",
          "assetId": "ujEEooK7svOr",
          "checksum": "6220eb79c7bb4bd9d599c1a1172dfde8"
        },
        {
          "type": "image",
          "assetId": "r-2LBID7CXkV",
          "checksum": "632cd34559017293260fe3a9658e5150"
        },
        {
          "type": "image",
          "assetId": "ZcgemmiRGQUR",
          "checksum": "80bc6e70e89bd7914684acb67d0bd477"
        },
        {
          "type": "image",
          "assetId": "PsIbG0BS6G7Z",
          "checksum": "7b1cf57c25a31fea29db1d76ac7b3f3c"
        },
        {
          "type": "image",
          "assetId": "5wCtaBvTYsr6",
          "checksum": "77bd35f9a0e99b59df8f1ff185bb5ada"
        },
        {
          "type": "image",
          "assetId": "aa51ztP4H0QA",
          "checksum": "842d751f18c5057a0bc7d69cff665d49"
        },
        {
          "type": "image",
          "assetId": "aubivKB4bqjO",
          "checksum": "56d7710f898be51d46f4b89c8348af0f"
        },
        {
          "type": "image",
          "assetId": "mxzoFXz33NHc",
          "checksum": "fa21311fcba8ed9f5eb0582a50715958"
        },
        {
          "type": "image",
          "assetId": "2Cswa_Ih1rXX",
          "checksum": "b467ea03e88bfff03548aaa5533fdc62"
        },
        {
          "type": "image",
          "assetId": "jZF02_yGNFiH",
          "checksum": "c3f6e82ddbaa203bf57188f7526b2210"
        },
        {
          "type": "image",
          "assetId": "nVBH4MgjkCeg",
          "checksum": "37d9811859e23e75c930dd66211cef20"
        },
        {
          "type": "image",
          "assetId": "3ZEbh8qpGCn2",
          "checksum": "f1c7d0bd1463ca7928022feaad653aac"
        },
        {
          "type": "image",
          "assetId": "v7y7070OwXl2",
          "checksum": "5eba70aa19aabd5cd90337edcf8a09aa"
        },
        {
          "type": "image",
          "assetId": "8MjP5G9Z41ig",
          "checksum": "c47b97c6aaeeba11371854ecab025baa"
        },
        {
          "type": "image",
          "assetId": "SBda8qVT2wXv",
          "checksum": "dae99a044eb505dd9f176538638dcdee"
        },
        {
          "type": "image",
          "assetId": "u_9blqYbAFzT",
          "checksum": "8e6e6cd6cf41301344ea5a83e773d042"
        },
        {
          "type": "image",
          "assetId": "oR9LVEIYfMnI",
          "checksum": "9e8d812717070b338f88ff8147c03451"
        },
        {
          "type": "image",
          "assetId": "-Mk8di2ByJn_",
          "checksum": "f979e4fdab153b3380955438ebb40d73"
        },
        {
          "type": "image",
          "assetId": "qHCbA2oochj0",
          "checksum": "e20bd3cca86b1bd39b9f7c0b98c29da5"
        },
        {
          "type": "image",
          "assetId": "vbPvGn82efZV",
          "checksum": "f803e45bb3b7132a372b41f253514d9d"
        },
        {
          "type": "image",
          "assetId": "1qPWm8G4zaMd",
          "checksum": "29e63a71ba717f0f9d0d9ff1efa38ba1"
        },
        {
          "type": "image",
          "assetId": "nwyNyLRiFLZu",
          "checksum": "953c6ed20c014ce575422b5a22c1c0f8"
        },
        {
          "type": "image",
          "assetId": "KdDsIHmVAWA_",
          "checksum": "f4b6212c81d7d5df22654a813958b6af"
        },
        {
          "type": "image",
          "assetId": "4zoSpAiSv2EC",
          "checksum": "74f5b6cfac4b859ac0332f5a691d5ef2"
        },
        {
          "type": "image",
          "assetId": "zNScvqcanmhq",
          "checksum": "a96c85e2a0d634410e215f3a1020a6b4"
        },
        {
          "type": "image",
          "assetId": "WPjh_MKv_XDn",
          "checksum": "e98b569ddabd9cba3ec92d85b0a2d0e3"
        },
        {
          "type": "image",
          "assetId": "DX1MfLw4Ovu9",
          "checksum": "26204f5e588051dceaf7b57200b440ff"
        },
        {
          "type": "image",
          "assetId": "RhpQP5W2j3s2",
          "checksum": "9d2e55ac373e545f5946ff1234419a84"
        },
        {
          "type": "image",
          "assetId": "up9D2HFf2-pZ",
          "checksum": "a527d9b303ab752f11a7c38399efe868"
        },
        {
          "type": "image",
          "assetId": "sBCCob5DU57Q",
          "checksum": "8bfd85e3109dc1822ab880f96ce19e7a"
        },
        {
          "type": "image",
          "assetId": "6QE7dHX69Cu2",
          "checksum": "c679160f84a4c7ee3d1331e98a15fa23"
        },
        {
          "type": "image",
          "assetId": "9-nM6kP7Q-me",
          "checksum": "521ceefd12fcc5c72175bc2df72de8e3"
        },
        {
          "type": "image",
          "assetId": "gzlJDJCX4fb9",
          "checksum": "2b43f8f4b36c2d23eaebeb7c5651c4ea"
        },
        {
          "type": "image",
          "assetId": "LLSeXJq-8nJI",
          "checksum": "db0194e8b75dded8b710fdfd0a2cc864"
        },
        {
          "type": "image",
          "assetId": "r9eP8lxkM7W2",
          "checksum": "9c7a46e80d4281e5f9b3f90d1f638ac8"
        },
        {
          "type": "image",
          "assetId": "DoBYIWWM6Er_",
          "checksum": "f9fc0e0b00cb1318152451ff651abde3"
        },
        {
          "type": "image",
          "assetId": "EWa-kCdZXCfM",
          "checksum": "e27e4fe776df9962dae6ee5ad9e3b23a"
        },
        {
          "type": "image",
          "assetId": "_Ub_Tjahx8ec",
          "checksum": "cfce47f606f52706ebc190925cabd957"
        },
        {
          "type": "image",
          "assetId": "L0_YPEe0GaTB",
          "checksum": "37efe0de2117c547bd0a2a65e9fc9011"
        },
        {
          "type": "image",
          "assetId": "my0XmnT3X2vJ",
          "checksum": "0d07f7856026cf1040dfb9f036217295"
        },
        {
          "type": "image",
          "assetId": "EN7ruDQhJW2L",
          "checksum": "c92e49e8bb781683f591549078370139"
        },
        {
          "type": "image",
          "assetId": "CkfE8hqYqxGX",
          "checksum": "ccdb54c145b7076ebf0809cdfa7c55c0"
        },
        {
          "type": "image",
          "assetId": "LSObwpVcNB0w",
          "checksum": "8994e7e595dac05460c5b4de0d1807aa"
        },
        {
          "type": "image",
          "assetId": "djHtQVY1dFzj",
          "checksum": "e4f0f05f8b77d2850b1d7016cdfce870"
        }
      ],
      "codegenVersion": "0.0.1"
    }
  ],
  "cliVersion": "0.1.335"
}
